
Microsoft Visual Studio Solution File, Format Version 12.00
# Visual Studio Version 16
VisualStudioVersion = 16.0.31729.503
MinimumVisualStudioVersion = 10.0.40219.1
Project("{FAE04EC0-301F-11D3-BF4B-00C04F79EFBC}") = "Console_Kofana_Odev_3", "Console_Kofana_Odev_3\Console_Kofana_Odev_3.csproj", "{7AF87B55-C4AC-4E37-A1E9-0F1E15F51E14}"
EndProject
Global
	GlobalSection(SolutionConfigurationPlatforms) = preSolution
		Debug|Any CPU = Debug|Any CPU
		Release|Any CPU = Release|Any CPU
	EndGlobalSection
	GlobalSection(ProjectConfigurationPlatforms) = postSolution
		{7AF87B55-C4AC-4E37-A1E9-0F1E15F51E14}.Debug|Any CPU.ActiveCfg = Debug|Any CPU
		{7AF87B55-C4AC-4E37-A1E9-0F1E15F51E14}.Debug|Any CPU.Build.0 = Debug|Any CPU
		{7AF87B55-C4AC-4E37-A1E9-0F1E15F51E14}.Release|Any CPU.ActiveCfg = Release|Any CPU
		{7AF87B55-C4AC-4E37-A1E9-0F1E15F51E14}.Release|Any CPU.Build.0 = Release|Any CPU
	EndGlobalSection
	GlobalSection(SolutionProperties) = preSolution
		HideSolutionNode = FALSE
	EndGlobalSection
	GlobalSection(ExtensibilityGlobals) = postSolution
		SolutionGuid = {EEFBC151-432D-45CB-8325-276D8CC122CC}
	EndGlobalSection
EndGlobal
